PODS:
  - NVActivityIndicatorView (5.0.1):
    - NVActivityIndicatorView/Base (= 5.0.1)
  - NVActivityIndicatorView/Base (5.0.1)
  - SnapKit (5.0.1)
  - SPAlert (2.1.4)

DEPENDENCIES:
  - NVActivityIndicatorView
  - SnapKit
  - SPAlert

SPEC REPOS:
  trunk:
    - NVActivityIndicatorView
    - SnapKit
    - SPAlert

SPEC CHECKSUMS:
  NVActivityIndicatorView: 738e843cb8924e9e4fc3e559d0728031624bf860
  SnapKit: 97b92857e3df3a0c71833cce143274bf6ef8e5eb
  SPAlert: 1a8afa1c6ac86a82ab5b2cfdf7f9a51e68cb6c0c

PODFILE CHECKSUM: 83213373f8400d73a52ad8ea13146522690fda52

COCOAPODS: 1.9.3
